
Microsoft Visual Studio Solution File, Format Version 12.00
# Visual Studio Version 17
VisualStudioVersion = 17.7.34031.279
MinimumVisualStudioVersion = 10.0.40219.1
Project("{FAE04EC0-301F-11D3-BF4B-00C04F79EFBC}") = "MVVMtesting", "MVVMtesting.csproj", "{353D64C9-5C19-4555-A708-F3B747BBA9C1}"
EndProject
Global
	GlobalSection(SolutionConfigurationPlatforms) = preSolution
		Debug|Any CPU = Debug|Any CPU
		Release|Any CPU = Release|Any CPU
	EndGlobalSection
	GlobalSection(ProjectConfigurationPlatforms) = postSolution
		{353D64C9-5C19-4555-A708-F3B747BBA9C1}.Debug|Any CPU.ActiveCfg = Debug|Any CPU
		{353D64C9-5C19-4555-A708-F3B747BBA9C1}.Debug|Any CPU.Build.0 = Debug|Any CPU
		{353D64C9-5C19-4555-A708-F3B747BBA9C1}.Release|Any CPU.ActiveCfg = Release|Any CPU
		{353D64C9-5C19-4555-A708-F3B747BBA9C1}.Release|Any CPU.Build.0 = Release|Any CPU
	EndGlobalSection
	GlobalSection(SolutionProperties) = preSolution
		HideSolutionNode = FALSE
	EndGlobalSection
	GlobalSection(ExtensibilityGlobals) = postSolution
		SolutionGuid = {5EFE584B-1692-4067-8207-6FE9F79C0058}
	EndGlobalSection
EndGlobal
